
Microsoft Visual Studio Solution File, Format Version 12.00
# Visual Studio Version 17
VisualStudioVersion = 17.0.31903.59
MinimumVisualStudioVersion = 10.0.40219.1
Project("{2150E333-8FDC-42A3-9474-1A3956D46DE8}") = "src", "src", "{827E0CD3-B72D-47B6-A68D-7590B98EB39B}"
EndProject
Project("{FAE04EC0-301F-11D3-BF4B-00C04F79EFBC}") = "Cairn.Domain", "src\Cairn.Domain\Cairn.Domain.csproj", "{22970DB7-A08D-42E1-ACBD-5D6E41860A8F}"
EndProject
Project("{FAE04EC0-301F-11D3-BF4B-00C04F79EFBC}") = "Cairn.Application", "src\Cairn.Application\Cairn.Application.csproj", "{951715A7-3C0A-467D-B6F2-D1D95C35D241}"
EndProject
Project("{FAE04EC0-301F-11D3-BF4B-00C04F79EFBC}") = "Cairn.Infrastructure", "src\Cairn.Infrastructure\Cairn.Infrastructure.csproj", "{BD2DF736-7199-4BA2-93FE-1C33F3558928}"
EndProject
Project("{FAE04EC0-301F-11D3-BF4B-00C04F79EFBC}") = "Cairn.Api", "src\Cairn.Api\Cairn.Api.csproj", "{40ABD55D-0A4B-4C0D-A5C4-E167E2A10D30}"
EndProject
Project("{FAE04EC0-301F-11D3-BF4B-00C04F79EFBC}") = "Cairn.Cli", "src\Cairn.Cli\Cairn.Cli.csproj", "{39ACA7D7-86C4-4717-957E-8CC642AED41A}"
EndProject
Project("{2150E333-8FDC-42A3-9474-1A3956D46DE8}") = "tests", "tests", "{0AB3BF05-4346-4AA6-1389-037BE0695223}"
EndProject
Project("{FAE04EC0-301F-11D3-BF4B-00C04F79EFBC}") = "Cairn.Acceptance", "tests\Cairn.Acceptance\Cairn.Acceptance.csproj", "{9C1B7B9E-99A8-413D-A3E5-AFFAA6A1D8EE}"
EndProject
Global
	GlobalSection(SolutionConfigurationPlatforms) = preSolution
		Debug|Any CPU = Debug|Any CPU
		Debug|x64 = Debug|x64
		Debug|x86 = Debug|x86
		Release|Any CPU = Release|Any CPU
		Release|x64 = Release|x64
		Release|x86 = Release|x86
	EndGlobalSection
	GlobalSection(ProjectConfigurationPlatforms) = postSolution
		{22970DB7-A08D-42E1-ACBD-5D6E41860A8F}.Debug|Any CPU.ActiveCfg = Debug|Any CPU
		{22970DB7-A08D-42E1-ACBD-5D6E41860A8F}.Debug|Any CPU.Build.0 = Debug|Any CPU
		{22970DB7-A08D-42E1-ACBD-5D6E41860A8F}.Debug|x64.ActiveCfg = Debug|Any CPU
		{22970DB7-A08D-42E1-ACBD-5D6E41860A8F}.Debug|x64.Build.0 = Debug|Any CPU
		{22970DB7-A08D-42E1-ACBD-5D6E41860A8F}.Debug|x86.ActiveCfg = Debug|Any CPU
		{22970DB7-A08D-42E1-ACBD-5D6E41860A8F}.Debug|x86.Build.0 = Debug|Any CPU
		{22970DB7-A08D-42E1-ACBD-5D6E41860A8F}.Release|Any CPU.ActiveCfg = Release|Any CPU
		{22970DB7-A08D-42E1-ACBD-5D6E41860A8F}.Release|Any CPU.Build.0 = Release|Any CPU
		{22970DB7-A08D-42E1-ACBD-5D6E41860A8F}.Release|x64.ActiveCfg = Release|Any CPU
		{22970DB7-A08D-42E1-ACBD-5D6E41860A8F}.Release|x64.Build.0 = Release|Any CPU
		{22970DB7-A08D-42E1-ACBD-5D6E41860A8F}.Release|x86.ActiveCfg = Release|Any CPU
		{22970DB7-A08D-42E1-ACBD-5D6E41860A8F}.Release|x86.Build.0 = Release|Any CPU
		{951715A7-3C0A-467D-B6F2-D1D95C35D241}.Debug|Any CPU.ActiveCfg = Debug|Any CPU
		{951715A7-3C0A-467D-B6F2-D1D95C35D241}.Debug|Any CPU.Build.0 = Debug|Any CPU
		{951715A7-3C0A-467D-B6F2-D1D95C35D241}.Debug|x64.ActiveCfg = Debug|Any CPU
		{951715A7-3C0A-467D-B6F2-D1D95C35D241}.Debug|x64.Build.0 = Debug|Any CPU
		{951715A7-3C0A-467D-B6F2-D1D95C35D241}.Debug|x86.ActiveCfg = Debug|Any CPU
		{951715A7-3C0A-467D-B6F2-D1D95C35D241}.Debug|x86.Build.0 = Debug|Any CPU
		{951715A7-3C0A-467D-B6F2-D1D95C35D241}.Release|Any CPU.ActiveCfg = Release|Any CPU
		{951715A7-3C0A-467D-B6F2-D1D95C35D241}.Release|Any CPU.Build.0 = Release|Any CPU
		{951715A7-3C0A-467D-B6F2-D1D95C35D241}.Release|x64.ActiveCfg = Release|Any CPU
		{951715A7-3C0A-467D-B6F2-D1D95C35D241}.Release|x64.Build.0 = Release|Any CPU
		{951715A7-3C0A-467D-B6F2-D1D95C35D241}.Release|x86.ActiveCfg = Release|Any CPU
		{951715A7-3C0A-467D-B6F2-D1D95C35D241}.Release|x86.Build.0 = Release|Any CPU
		{BD2DF736-7199-4BA2-93FE-1C33F3558928}.Debug|Any CPU.ActiveCfg = Debug|Any CPU
		{BD2DF736-7199-4BA2-93FE-1C33F3558928}.Debug|Any CPU.Build.0 = Debug|Any CPU
		{BD2DF736-7199-4BA2-93FE-1C33F3558928}.Debug|x64.ActiveCfg = Debug|Any CPU
		{BD2DF736-7199-4BA2-93FE-1C33F3558928}.Debug|x64.Build.0 = Debug|Any CPU
		{BD2DF736-7199-4BA2-93FE-1C33F3558928}.Debug|x86.ActiveCfg = Debug|Any CPU
		{BD2DF736-7199-4BA2-93FE-1C33F3558928}.Debug|x86.Build.0 = Debug|Any CPU
		{BD2DF736-7199-4BA2-93FE-1C33F3558928}.Release|Any CPU.ActiveCfg = Release|Any CPU
		{BD2DF736-7199-4BA2-93FE-1C33F3558928}.Release|Any CPU.Build.0 = Release|Any CPU
		{BD2DF736-7199-4BA2-93FE-1C33F3558928}.Release|x64.ActiveCfg = Release|Any CPU
		{BD2DF736-7199-4BA2-93FE-1C33F3558928}.Release|x64.Build.0 = Release|Any CPU
		{BD2DF736-7199-4BA2-93FE-1C33F3558928}.Release|x86.ActiveCfg = Release|Any CPU
		{BD2DF736-7199-4BA2-93FE-1C33F3558928}.Release|x86.Build.0 = Release|Any CPU
		{40ABD55D-0A4B-4C0D-A5C4-E167E2A10D30}.Debug|Any CPU.ActiveCfg = Debug|Any CPU
		{40ABD55D-0A4B-4C0D-A5C4-E167E2A10D30}.Debug|Any CPU.Build.0 = Debug|Any CPU
		{40ABD55D-0A4B-4C0D-A5C4-E167E2A10D30}.Debug|x64.ActiveCfg = Debug|Any CPU
		{40ABD55D-0A4B-4C0D-A5C4-E167E2A10D30}.Debug|x64.Build.0 = Debug|Any CPU
		{40ABD55D-0A4B-4C0D-A5C4-E167E2A10D30}.Debug|x86.ActiveCfg = Debug|Any CPU
		{40ABD55D-0A4B-4C0D-A5C4-E167E2A10D30}.Debug|x86.Build.0 = Debug|Any CPU
		{40ABD55D-0A4B-4C0D-A5C4-E167E2A10D30}.Release|Any CPU.ActiveCfg = Release|Any CPU
		{40ABD55D-0A4B-4C0D-A5C4-E167E2A10D30}.Release|Any CPU.Build.0 = Release|Any CPU
		{40ABD55D-0A4B-4C0D-A5C4-E167E2A10D30}.Release|x64.ActiveCfg = Release|Any CPU
		{40ABD55D-0A4B-4C0D-A5C4-E167E2A10D30}.Release|x64.Build.0 = Release|Any CPU
		{40ABD55D-0A4B-4C0D-A5C4-E167E2A10D30}.Release|x86.ActiveCfg = Release|Any CPU
		{40ABD55D-0A4B-4C0D-A5C4-E167E2A10D30}.Release|x86.Build.0 = Release|Any CPU
		{39ACA7D7-86C4-4717-957E-8CC642AED41A}.Debug|Any CPU.ActiveCfg = Debug|Any CPU
		{39ACA7D7-86C4-4717-957E-8CC642AED41A}.Debug|Any CPU.Build.0 = Debug|Any CPU
		{39ACA7D7-86C4-4717-957E-8CC642AED41A}.Debug|x64.ActiveCfg = Debug|Any CPU
		{39ACA7D7-86C4-4717-957E-8CC642AED41A}.Debug|x64.Build.0 = Debug|Any CPU
		{39ACA7D7-86C4-4717-957E-8CC642AED41A}.Debug|x86.ActiveCfg = Debug|Any CPU
		{39ACA7D7-86C4-4717-957E-8CC642AED41A}.Debug|x86.Build.0 = Debug|Any CPU
		{39ACA7D7-86C4-4717-957E-8CC642AED41A}.Release|Any CPU.ActiveCfg = Release|Any CPU
		{39ACA7D7-86C4-4717-957E-8CC642AED41A}.Release|Any CPU.Build.0 = Release|Any CPU
		{39ACA7D7-86C4-4717-957E-8CC642AED41A}.Release|x64.ActiveCfg = Release|Any CPU
		{39ACA7D7-86C4-4717-957E-8CC642AED41A}.Release|x64.Build.0 = Release|Any CPU
		{39ACA7D7-86C4-4717-957E-8CC642AED41A}.Release|x86.ActiveCfg = Release|Any CPU
		{39ACA7D7-86C4-4717-957E-8CC642AED41A}.Release|x86.Build.0 = Release|Any CPU
		{9C1B7B9E-99A8-413D-A3E5-AFFAA6A1D8EE}.Debug|Any CPU.ActiveCfg = Debug|Any CPU
		{9C1B7B9E-99A8-413D-A3E5-AFFAA6A1D8EE}.Debug|Any CPU.Build.0 = Debug|Any CPU
		{9C1B7B9E-99A8-413D-A3E5-AFFAA6A1D8EE}.Debug|x64.ActiveCfg = Debug|Any CPU
		{9C1B7B9E-99A8-413D-A3E5-AFFAA6A1D8EE}.Debug|x64.Build.0 = Debug|Any CPU
		{9C1B7B9E-99A8-413D-A3E5-AFFAA6A1D8EE}.Debug|x86.ActiveCfg = Debug|Any CPU
		{9C1B7B9E-99A8-413D-A3E5-AFFAA6A1D8EE}.Debug|x86.Build.0 = Debug|Any CPU
		{9C1B7B9E-99A8-413D-A3E5-AFFAA6A1D8EE}.Release|Any CPU.ActiveCfg = Release|Any CPU
		{9C1B7B9E-99A8-413D-A3E5-AFFAA6A1D8EE}.Release|Any CPU.Build.0 = Release|Any CPU
		{9C1B7B9E-99A8-413D-A3E5-AFFAA6A1D8EE}.Release|x64.ActiveCfg = Release|Any CPU
		{9C1B7B9E-99A8-413D-A3E5-AFFAA6A1D8EE}.Release|x64.Build.0 = Release|Any CPU
		{9C1B7B9E-99A8-413D-A3E5-AFFAA6A1D8EE}.Release|x86.ActiveCfg = Release|Any CPU
		{9C1B7B9E-99A8-413D-A3E5-AFFAA6A1D8EE}.Release|x86.Build.0 = Release|Any CPU
	EndGlobalSection
	GlobalSection(SolutionProperties) = preSolution
		HideSolutionNode = FALSE
	EndGlobalSection
	GlobalSection(NestedProjects) = preSolution
		{22970DB7-A08D-42E1-ACBD-5D6E41860A8F} = {827E0CD3-B72D-47B6-A68D-7590B98EB39B}
		{951715A7-3C0A-467D-B6F2-D1D95C35D241} = {827E0CD3-B72D-47B6-A68D-7590B98EB39B}
		{BD2DF736-7199-4BA2-93FE-1C33F3558928} = {827E0CD3-B72D-47B6-A68D-7590B98EB39B}
		{40ABD55D-0A4B-4C0D-A5C4-E167E2A10D30} = {827E0CD3-B72D-47B6-A68D-7590B98EB39B}
		{39ACA7D7-86C4-4717-957E-8CC642AED41A} = {827E0CD3-B72D-47B6-A68D-7590B98EB39B}
		{9C1B7B9E-99A8-413D-A3E5-AFFAA6A1D8EE} = {0AB3BF05-4346-4AA6-1389-037BE0695223}
	EndGlobalSection
EndGlobal
